
Microsoft Visual Studio Solution File, Format Version 12.00
# Visual Studio Version 17
VisualStudioVersion = 17.5.002.0
MinimumVisualStudioVersion = 10.0.40219.1
Project("{9A19103F-16F7-4668-BE54-9A1E7A4F7556}") = "Z34", "Z34\Z34.csproj", "{42092255-D201-425D-BF41-32D0C888EF75}"
EndProject
Project("{9A19103F-16F7-4668-BE54-9A1E7A4F7556}") = "Z36", "Z36\Z36.csproj", "{16127ADF-5B03-445A-8B1B-F693EF4C7EFD}"
EndProject
Project("{9A19103F-16F7-4668-BE54-9A1E7A4F7556}") = "Z38", "Z38\Z38.csproj", "{7C8C67AA-022B-4996-A737-DB8751C703BA}"
EndProject
Global
	GlobalSection(SolutionConfigurationPlatforms) = preSolution
		Debug|Any CPU = Debug|Any CPU
		Release|Any CPU = Release|Any CPU
	EndGlobalSection
	GlobalSection(ProjectConfigurationPlatforms) = postSolution
		{42092255-D201-425D-BF41-32D0C888EF75}.Debug|Any CPU.ActiveCfg = Debug|Any CPU
		{42092255-D201-425D-BF41-32D0C888EF75}.Debug|Any CPU.Build.0 = Debug|Any CPU
		{42092255-D201-425D-BF41-32D0C888EF75}.Release|Any CPU.ActiveCfg = Release|Any CPU
		{42092255-D201-425D-BF41-32D0C888EF75}.Release|Any CPU.Build.0 = Release|Any CPU
		{16127ADF-5B03-445A-8B1B-F693EF4C7EFD}.Debug|Any CPU.ActiveCfg = Debug|Any CPU
		{16127ADF-5B03-445A-8B1B-F693EF4C7EFD}.Debug|Any CPU.Build.0 = Debug|Any CPU
		{16127ADF-5B03-445A-8B1B-F693EF4C7EFD}.Release|Any CPU.ActiveCfg = Release|Any CPU
		{16127ADF-5B03-445A-8B1B-F693EF4C7EFD}.Release|Any CPU.Build.0 = Release|Any CPU
		{7C8C67AA-022B-4996-A737-DB8751C703BA}.Debug|Any CPU.ActiveCfg = Debug|Any CPU
		{7C8C67AA-022B-4996-A737-DB8751C703BA}.Debug|Any CPU.Build.0 = Debug|Any CPU
		{7C8C67AA-022B-4996-A737-DB8751C703BA}.Release|Any CPU.ActiveCfg = Release|Any CPU
		{7C8C67AA-022B-4996-A737-DB8751C703BA}.Release|Any CPU.Build.0 = Release|Any CPU
	EndGlobalSection
	GlobalSection(SolutionProperties) = preSolution
		HideSolutionNode = FALSE
	EndGlobalSection
	GlobalSection(ExtensibilityGlobals) = postSolution
		SolutionGuid = {1E0360BD-CD67-4354-B840-6B41709F9527}
	EndGlobalSection
EndGlobal
